
Microsoft Visual Studio Solution File, Format Version 12.00
# Visual Studio Version 16
VisualStudioVersion = 16.0.29215.179
MinimumVisualStudioVersion = 10.0.40219.1
Project("{FAE04EC0-301F-11D3-BF4B-00C04F79EFBC}") = "Mod1_Lab1", "Mod1_Lab1.csproj", "{CC30C353-B083-45A4-9DE2-5B71B42367D3}"
EndProject
Global
	GlobalSection(SolutionConfigurationPlatforms) = preSolution
		Debug|Any CPU = Debug|Any CPU
		Release|Any CPU = Release|Any CPU
	EndGlobalSection
	GlobalSection(ProjectConfigurationPlatforms) = postSolution
		{CC30C353-B083-45A4-9DE2-5B71B42367D3}.Debug|Any CPU.ActiveCfg = Debug|Any CPU
		{CC30C353-B083-45A4-9DE2-5B71B42367D3}.Debug|Any CPU.Build.0 = Debug|Any CPU
		{CC30C353-B083-45A4-9DE2-5B71B42367D3}.Release|Any CPU.ActiveCfg = Release|Any CPU
		{CC30C353-B083-45A4-9DE2-5B71B42367D3}.Release|Any CPU.Build.0 = Release|Any CPU
	EndGlobalSection
	GlobalSection(SolutionProperties) = preSolution
		HideSolutionNode = FALSE
	EndGlobalSection
	GlobalSection(ExtensibilityGlobals) = postSolution
		SolutionGuid = {F246BFC4-A1C4-4DCE-AD2B-C5E26D3AFF21}
	EndGlobalSection
EndGlobal
